# This file is generated by running "yarn install" inside your project.
# Manual changes might be lost - proceed with caution!

__metadata:
  version: 4
  cacheKey: 8

"@discordjs/builders@npm:^0.6.0":
  version: 0.6.0
  resolution: "@discordjs/builders@npm:0.6.0"
  dependencies:
    "@sindresorhus/is": ^4.0.1
    discord-api-types: ^0.22.0
    ow: ^0.27.0
    ts-mixer: ^6.0.0
    tslib: ^2.3.1
  checksum: a6f1517bc9c55a4156eaea8de25b0f8a064923ba93a366c6ba4ae8724a16b35918121759cb4d9097c76457f2d9f2cc583c39809f5ef5d69e11d607bb0fd1bb39
  languageName: node
  linkType: hard

"@discordjs/collection@npm:^0.2.1":
  version: 0.2.1
  resolution: "@discordjs/collection@npm:0.2.1"
  checksum: e68d4bbf83b03bc18c7648d0f5c5669d1f1a394596bc2fcbb907284cff65657b28dbf165a1b8ccae20b6bc0726bc8a0a276d8adba8f9413502bb19d61b98598f
  languageName: node
  linkType: hard

"@discordjs/form-data@npm:^3.0.1":
  version: 3.0.1
  resolution: "@discordjs/form-data@npm:3.0.1"
  dependencies:
    asynckit: ^0.4.0
    combined-stream: ^1.0.8
    mime-types: ^2.1.12
  checksum: 2b431b1a14f8ac521e1c13567856cef7e61e05aafe2721e03d9e074bb7e5f45c89fc123b126964943edf301ec612d04515dcf068ea9773a2e30a99a844c00603
  languageName: node
  linkType: hard

"@ryukobot/paginationembed@workspace:.":
  version: 0.0.0-use.local
  resolution: "@ryukobot/paginationembed@workspace:."
  dependencies:
    "@types/node": ^16.9.2
    discord.js: ^13.2.0
    prettier: ^2.4.0
    typescript: ^4.4.3
  peerDependencies:
    discord.js: ^13.2.0
  languageName: unknown
  linkType: soft

"@sapphire/async-queue@npm:^1.1.5":
  version: 1.1.5
  resolution: "@sapphire/async-queue@npm:1.1.5"
  checksum: 7ede75c6ac22db54969071b0de4b6c7d2db10be4c6af7f075d95b8ac6190dff8c6a8cdff5a9ab6c92c8a95fe858e294cf770d52d12b89386aef681e94fd07905
  languageName: node
  linkType: hard

"@sindresorhus/is@npm:^4.0.1":
  version: 4.2.0
  resolution: "@sindresorhus/is@npm:4.2.0"
  checksum: 59040dfb75c2eb6ab76e8c7ac10b7f7f6ba740f0b5ac618a89a8bcdbaf923836a8e998078d59d81f6f13f4b6bbe15bfe1bca962c877edcbe9160d1c100c56fd7
  languageName: node
  linkType: hard

"@types/node@npm:*, @types/node@npm:^16.9.2":
  version: 16.10.2
  resolution: "@types/node@npm:16.10.2"
  checksum: 83c1c3c68e7500103908c3f16094e458879c840a719c15b6ea577f81fe1f24a1b3473bb6c8e8091fe79a82543ca7639c6b1088fcf80292ec091d1d1c9504a87e
  languageName: node
  linkType: hard

"@types/ws@npm:^8.2.0":
  version: 8.2.0
  resolution: "@types/ws@npm:8.2.0"
  dependencies:
    "@types/node": "*"
  checksum: fb2f1cc1bc294607cf737a998a04d4eaca78b0a183905b879849c0e009f47ff4adaa6cbc7d9ac2d2ecc61652c8367e0f8bb02aab0af67a82e8c922746e96434b
  languageName: node
  linkType: hard

"asynckit@npm:^0.4.0":
  version: 0.4.0
  resolution: "asynckit@npm:0.4.0"
  checksum: 7b78c451df768adba04e2d02e63e2d0bf3b07adcd6e42b4cf665cb7ce899bedd344c69a1dcbce355b5f972d597b25aaa1c1742b52cffd9caccb22f348114f6be
  languageName: node
  linkType: hard

"callsites@npm:^3.1.0":
  version: 3.1.0
  resolution: "callsites@npm:3.1.0"
  checksum: 072d17b6abb459c2ba96598918b55868af677154bec7e73d222ef95a8fdb9bbf7dae96a8421085cdad8cd190d86653b5b6dc55a4484f2e5b2e27d5e0c3fc15b3
  languageName: node
  linkType: hard

"combined-stream@npm:^1.0.8":
  version: 1.0.8
  resolution: "combined-stream@npm:1.0.8"
  dependencies:
    delayed-stream: ~1.0.0
  checksum: 49fa4aeb4916567e33ea81d088f6584749fc90c7abec76fd516bf1c5aa5c79f3584b5ba3de6b86d26ddd64bae5329c4c7479343250cfe71c75bb366eae53bb7c
  languageName: node
  linkType: hard

"delayed-stream@npm:~1.0.0":
  version: 1.0.0
  resolution: "delayed-stream@npm:1.0.0"
  checksum: 46fe6e83e2cb1d85ba50bd52803c68be9bd953282fa7096f51fc29edd5d67ff84ff753c51966061e5ba7cb5e47ef6d36a91924eddb7f3f3483b1c560f77a0020
  languageName: node
  linkType: hard

"discord-api-types@npm:^0.22.0":
  version: 0.22.0
  resolution: "discord-api-types@npm:0.22.0"
  checksum: 673bcd960e394d8a3752bb03d50de44e74d508450e3d2cce947a69e0a6dc43c00196e18245c88dd26f3a8b0a56b40e0dbf52e058b7aabc7ed77f0f018003cb04
  languageName: node
  linkType: hard

"discord-api-types@npm:^0.23.1":
  version: 0.23.1
  resolution: "discord-api-types@npm:0.23.1"
  checksum: e2ea574d51bff9f74770194338ba2b981072c6814a4da4c1e9a6b09b5b6bcf4ecf9044397fd4d2d3bf245f7573f22f1c25ff3f57cfc23ed87dfee4629091c29d
  languageName: node
  linkType: hard

"discord.js@npm:^13.2.0":
  version: 13.2.0
  resolution: "discord.js@npm:13.2.0"
  dependencies:
    "@discordjs/builders": ^0.6.0
    "@discordjs/collection": ^0.2.1
    "@discordjs/form-data": ^3.0.1
    "@sapphire/async-queue": ^1.1.5
    "@types/ws": ^8.2.0
    discord-api-types: ^0.23.1
    node-fetch: ^2.6.1
    ws: ^8.2.3
  checksum: 6134817e33e25b30b7ff76a940938450bed6061b55d0fa377469e2f867cacfcb857c631ebd9bc7b3c425e91747eb976c7408a275d35d202479b0704beaf15140
  languageName: node
  linkType: hard

"dot-prop@npm:^6.0.1":
  version: 6.0.1
  resolution: "dot-prop@npm:6.0.1"
  dependencies:
    is-obj: ^2.0.0
  checksum: 0f47600a4b93e1dc37261da4e6909652c008832a5d3684b5bf9a9a0d3f4c67ea949a86dceed9b72f5733ed8e8e6383cc5958df3bbd0799ee317fd181f2ece700
  languageName: node
  linkType: hard

"is-obj@npm:^2.0.0":
  version: 2.0.0
  resolution: "is-obj@npm:2.0.0"
  checksum: c9916ac8f4621962a42f5e80e7ffdb1d79a3fab7456ceaeea394cd9e0858d04f985a9ace45be44433bf605673c8be8810540fe4cc7f4266fc7526ced95af5a08
  languageName: node
  linkType: hard

"lodash.isequal@npm:^4.5.0":
  version: 4.5.0
  resolution: "lodash.isequal@npm:4.5.0"
  checksum: da27515dc5230eb1140ba65ff8de3613649620e8656b19a6270afe4866b7bd461d9ba2ac8a48dcc57f7adac4ee80e1de9f965d89d4d81a0ad52bb3eec2609644
  languageName: node
  linkType: hard

"mime-db@npm:1.49.0":
  version: 1.49.0
  resolution: "mime-db@npm:1.49.0"
  checksum: 3744efc45b17896ff8a5934a761c434d5ffe3c7816662002d799ca9934347e00f99ae4d9b4ddf1c48d391cc9e522cc4523a6e77e7701f8e27c426e3e1d6e215a
  languageName: node
  linkType: hard

"mime-types@npm:^2.1.12":
  version: 2.1.32
  resolution: "mime-types@npm:2.1.32"
  dependencies:
    mime-db: 1.49.0
  checksum: 4487dfd2f872126d2c219ec731ad47a6169a438d5a4cce6ecef7594ce08eaefaf0d85429485a76ec005f095016c7ec488a24cf8bfcc0ea06de0355e23395746f
  languageName: node
  linkType: hard

"node-fetch@npm:^2.6.1":
  version: 2.6.2
  resolution: "node-fetch@npm:2.6.2"
  checksum: de367eae1dfbc0e12283c1cf92256ea7fba7eac8655e2e51ebb217727162396fc6cf24689ef9fc6accf075e3991e2ffaa061f7cfaa958215329649b2297ff06d
  languageName: node
  linkType: hard

"ow@npm:^0.27.0":
  version: 0.27.0
  resolution: "ow@npm:0.27.0"
  dependencies:
    "@sindresorhus/is": ^4.0.1
    callsites: ^3.1.0
    dot-prop: ^6.0.1
    lodash.isequal: ^4.5.0
    type-fest: ^1.2.1
    vali-date: ^1.0.0
  checksum: bffd6fa43d004163bab9821fae4d2eceee92d70059ba2a5dca1ad7497cd167554224a7efab3d41476112fbab4714afa99b8866506e8b9bad5d690cf967146332
  languageName: node
  linkType: hard

"prettier@npm:^2.4.0":
  version: 2.4.1
  resolution: "prettier@npm:2.4.1"
  bin:
    prettier: bin-prettier.js
  checksum: cc6830588b401b0d742862fe9c46bc9118204fb307c3abe0e49e95b35ed23629573807ffdf9cdd65289c252a0bb51fc0171437f6626ee36378dea80f0ee80b91
  languageName: node
  linkType: hard

"ts-mixer@npm:^6.0.0":
  version: 6.0.0
  resolution: "ts-mixer@npm:6.0.0"
  checksum: 791a513c9ca318a979928f5265fd6029858fa21595153a9386063c11239a6b1c352db1e277c19f0544d017a67cf78d120a7438b86b2c828b1115eb607538eff8
  languageName: node
  linkType: hard

"tslib@npm:^2.3.1":
  version: 2.3.1
  resolution: "tslib@npm:2.3.1"
  checksum: de17a98d4614481f7fcb5cd53ffc1aaf8654313be0291e1bfaee4b4bb31a20494b7d218ff2e15017883e8ea9626599b3b0e0229c18383ba9dce89da2adf15cb9
  languageName: node
  linkType: hard

"type-fest@npm:^1.2.1":
  version: 1.4.0
  resolution: "type-fest@npm:1.4.0"
  checksum: b011c3388665b097ae6a109a437a04d6f61d81b7357f74cbcb02246f2f5bd72b888ae33631b99871388122ba0a87f4ff1c94078e7119ff22c70e52c0ff828201
  languageName: node
  linkType: hard

typescript@^4.4.3:
  version: 4.4.3
  resolution: "typescript@npm:4.4.3"
  bin:
    tsc: bin/tsc
    tsserver: bin/tsserver
  checksum: 05823f21796d450531a7e4ab299715d38fd9ded0e4ce7400876053f4b5166ca3dde7a68cecfe72d9086039f03c0b6edba36516fb10ed83c5837d9600532ea4c2
  languageName: node
  linkType: hard

"typescript@patch:typescript@^4.4.3#~builtin<compat/typescript>":
  version: 4.4.3
  resolution: "typescript@patch:typescript@npm%3A4.4.3#~builtin<compat/typescript>::version=4.4.3&hash=32657b"
  bin:
    tsc: bin/tsc
    tsserver: bin/tsserver
  checksum: 28ab98313afab46788ff41014fdb5932430ada6e03cf9e92ac47f406526a2cac1ae2894834e7da61e46b7429318e9c47f45ba8de323332f0cb9af99b72ebae74
  languageName: node
  linkType: hard

"vali-date@npm:^1.0.0":
  version: 1.0.0
  resolution: "vali-date@npm:1.0.0"
  checksum: 6464369cb77003a966591f2bd17b7c938c480956992e254b3455fd1651a3b7633e23aac8a03b974bbdfbd2357da52b98d46357bb6f292ffd28768a6d3959e61e
  languageName: node
  linkType: hard

"ws@npm:^8.2.3":
  version: 8.2.3
  resolution: "ws@npm:8.2.3"
  peerDependencies:
    bufferutil: ^4.0.1
    utf-8-validate: ^5.0.2
  peerDependenciesMeta:
    bufferutil:
      optional: true
    utf-8-validate:
      optional: true
  checksum: c869296ccb45f218ac6d32f8f614cd85b50a21fd434caf11646008eef92173be53490810c5c23aea31bc527902261fbfd7b062197eea341b26128d4be56a85e4
  languageName: node
  linkType: hard
